
Microsoft Visual Studio Solution File, Format Version 12.00
# Visual Studio Version 16
VisualStudioVersion = 16.0.30621.155
MinimumVisualStudioVersion = 10.0.40219.1
Project("{FAE04EC0-301F-11D3-BF4B-00C04F79EFBC}") = "CourseWorkBela", "CourseWorkBela\CourseWorkBela.csproj", "{8774DF05-49F6-46F6-B837-BC09C57FBAE0}"
EndProject
Global
	GlobalSection(SolutionConfigurationPlatforms) = preSolution
		Debug|Any CPU = Debug|Any CPU
		Release|Any CPU = Release|Any CPU
	EndGlobalSection
	GlobalSection(ProjectConfigurationPlatforms) = postSolution
		{8774DF05-49F6-46F6-B837-BC09C57FBAE0}.Debug|Any CPU.ActiveCfg = Debug|Any CPU
		{8774DF05-49F6-46F6-B837-BC09C57FBAE0}.Debug|Any CPU.Build.0 = Debug|Any CPU
		{8774DF05-49F6-46F6-B837-BC09C57FBAE0}.Release|Any CPU.ActiveCfg = Release|Any CPU
		{8774DF05-49F6-46F6-B837-BC09C57FBAE0}.Release|Any CPU.Build.0 = Release|Any CPU
	EndGlobalSection
	GlobalSection(SolutionProperties) = preSolution
		HideSolutionNode = FALSE
	EndGlobalSection
	GlobalSection(ExtensibilityGlobals) = postSolution
		SolutionGuid = {A195C440-3B5A-40F8-810F-FAF4D77AEE05}
	EndGlobalSection
EndGlobal
